
Microsoft Visual Studio Solution File, Format Version 11.00
# Visual Studio 2010
Project("{FAE04EC0-301F-11D3-BF4B-00C04F79EFBC}") = "Assembly-CSharp", "Assembly-CSharp.csproj", "{0aaf5258-c289-ad57-501e-4c7aeea625dd}"
EndProject
Project("{FAE04EC0-301F-11D3-BF4B-00C04F79EFBC}") = "Assembly-CSharp-Editor", "Assembly-CSharp-Editor.csproj", "{44e9b090-ab8a-92dd-df37-da40de964b73}"
EndProject
Global
	GlobalSection(SolutionConfigurationPlatforms) = preSolution
		Debug|Any CPU = Debug|Any CPU
		Release|Any CPU = Release|Any CPU
	EndGlobalSection
	GlobalSection(ProjectConfigurationPlatforms) = postSolution
		{0aaf5258-c289-ad57-501e-4c7aeea625dd}.Debug|Any CPU.ActiveCfg = Debug|Any CPU
		{0aaf5258-c289-ad57-501e-4c7aeea625dd}.Debug|Any CPU.Build.0 = Debug|Any CPU
		{0aaf5258-c289-ad57-501e-4c7aeea625dd}.Release|Any CPU.ActiveCfg = Release|Any CPU
		{0aaf5258-c289-ad57-501e-4c7aeea625dd}.Release|Any CPU.Build.0 = Release|Any CPU
		{44e9b090-ab8a-92dd-df37-da40de964b73}.Debug|Any CPU.ActiveCfg = Debug|Any CPU
		{44e9b090-ab8a-92dd-df37-da40de964b73}.Debug|Any CPU.Build.0 = Debug|Any CPU
		{44e9b090-ab8a-92dd-df37-da40de964b73}.Release|Any CPU.ActiveCfg = Release|Any CPU
		{44e9b090-ab8a-92dd-df37-da40de964b73}.Release|Any CPU.Build.0 = Release|Any CPU
	EndGlobalSection
	GlobalSection(SolutionProperties) = preSolution
		HideSolutionNode = FALSE
	EndGlobalSection
EndGlobal
